
Microsoft Visual Studio Solution File, Format Version 12.00
# Visual Studio Version 17
VisualStudioVersion = 17.0.32126.317
MinimumVisualStudioVersion = 10.0.40219.1
Project("{9A19103F-16F7-4668-BE54-9A1E7A4F7556}") = "API", "API.csproj", "{65223B9D-8D89-4D58-9AA9-97B9296268AE}"
EndProject
Project("{FAE04EC0-301F-11D3-BF4B-00C04F79EFBC}") = "Core", "..\Core\Core.csproj", "{4CCF36D9-00E8-468A-9781-41521F005501}"
EndProject
Project("{FAE04EC0-301F-11D3-BF4B-00C04F79EFBC}") = "Domain", "..\Domain\Domain.csproj", "{AE4D5140-BB78-4568-8B67-969C41603CA3}"
EndProject
Project("{FAE04EC0-301F-11D3-BF4B-00C04F79EFBC}") = "Data", "..\Data\Data.csproj", "{B60C3F6A-2F84-45C5-9954-065D8EDB0ACA}"
EndProject
Global
	GlobalSection(SolutionConfigurationPlatforms) = preSolution
		Debug|Any CPU = Debug|Any CPU
		Release|Any CPU = Release|Any CPU
	EndGlobalSection
	GlobalSection(ProjectConfigurationPlatforms) = postSolution
		{65223B9D-8D89-4D58-9AA9-97B9296268AE}.Debug|Any CPU.ActiveCfg = Debug|Any CPU
		{65223B9D-8D89-4D58-9AA9-97B9296268AE}.Debug|Any CPU.Build.0 = Debug|Any CPU
		{65223B9D-8D89-4D58-9AA9-97B9296268AE}.Release|Any CPU.ActiveCfg = Release|Any CPU
		{65223B9D-8D89-4D58-9AA9-97B9296268AE}.Release|Any CPU.Build.0 = Release|Any CPU
		{4CCF36D9-00E8-468A-9781-41521F005501}.Debug|Any CPU.ActiveCfg = Debug|Any CPU
		{4CCF36D9-00E8-468A-9781-41521F005501}.Debug|Any CPU.Build.0 = Debug|Any CPU
		{4CCF36D9-00E8-468A-9781-41521F005501}.Release|Any CPU.ActiveCfg = Release|Any CPU
		{4CCF36D9-00E8-468A-9781-41521F005501}.Release|Any CPU.Build.0 = Release|Any CPU
		{AE4D5140-BB78-4568-8B67-969C41603CA3}.Debug|Any CPU.ActiveCfg = Debug|Any CPU
		{AE4D5140-BB78-4568-8B67-969C41603CA3}.Debug|Any CPU.Build.0 = Debug|Any CPU
		{AE4D5140-BB78-4568-8B67-969C41603CA3}.Release|Any CPU.ActiveCfg = Release|Any CPU
		{AE4D5140-BB78-4568-8B67-969C41603CA3}.Release|Any CPU.Build.0 = Release|Any CPU
		{B60C3F6A-2F84-45C5-9954-065D8EDB0ACA}.Debug|Any CPU.ActiveCfg = Debug|Any CPU
		{B60C3F6A-2F84-45C5-9954-065D8EDB0ACA}.Debug|Any CPU.Build.0 = Debug|Any CPU
		{B60C3F6A-2F84-45C5-9954-065D8EDB0ACA}.Release|Any CPU.ActiveCfg = Release|Any CPU
		{B60C3F6A-2F84-45C5-9954-065D8EDB0ACA}.Release|Any CPU.Build.0 = Release|Any CPU
	EndGlobalSection
	GlobalSection(SolutionProperties) = preSolution
		HideSolutionNode = FALSE
	EndGlobalSection
	GlobalSection(ExtensibilityGlobals) = postSolution
		SolutionGuid = {45542FA9-D1DA-46A8-A7FF-FB38BC500C56}
	EndGlobalSection
EndGlobal
